// !$*UTF8*$!
{
	archiveVersion = 1;
	classes = {
	};
	objectVersion = 46;
	objects = {

/* Begin PBXBuildFile section */
		1415532F1F02837D003866B9 /* AppDelegate.swift in Sources */ = {isa = PBXBuildFile; fileRef = 1415532E1F02837D003866B9 /* AppDelegate.swift */; };
		141553311F02837D003866B9 /* ViewController.swift in Sources */ = {isa = PBXBuildFile; fileRef = 141553301F02837D003866B9 /* ViewController.swift */; };
		141553341F02837D003866B9 /* Main.storyboard in Resources */ = {isa = PBXBuildFile; fileRef = 141553321F02837D003866B9 /* Main.storyboard */; };
		141553361F02837D003866B9 /* Assets.xcassets in Resources */ = {isa = PBXBuildFile; fileRef = 141553351F02837D003866B9 /* Assets.xcassets */; };
		141553391F02837D003866B9 /* LaunchScreen.storyboard in Resources */ = {isa = PBXBuildFile; fileRef = 141553371F02837D003866B9 /* LaunchScreen.storyboard */; };
		141553441F02837D003866B9 /* JenkinsPraTests.swift in Sources */ = {isa = PBXBuildFile; fileRef = 141553431F02837D003866B9 /* JenkinsPraTests.swift */; };
		1415534F1F02837D003866B9 /* JenkinsPraUITests.swift in Sources */ = {isa = PBXBuildFile; fileRef = 1415534E1F02837D003866B9 /* JenkinsPraUITests.swift */; };
/* End PBXBuildFile section */

/* Begin PBXContainerItemProxy section */
		141553401F02837D003866B9 /* PBXContainerItemProxy */ = {
			isa = PBXContainerItemProxy;
			containerPortal = 141553231F02837D003866B9 /* Project object */;
			proxyType = 1;
			remoteGlobalIDString = 1415532A1F02837D003866B9;
			remoteInfo = JenkinsPra;
		};
		1415534B1F02837D003866B9 /* PBXContainerItemProxy */ = {
			isa = PBXContainerItemProxy;
			containerPortal = 141553231F02837D003866B9 /* Project object */;
			proxyType = 1;
			remoteGlobalIDString = 1415532A1F02837D003866B9;
			remoteInfo = JenkinsPra;
		};
/* End PBXContainerItemProxy section */

/* Begin PBXFileReference section */
		1415532B1F02837D003866B9 /* JenkinsPra.app */ = {isa = PBXFileReference; explicitFileType = wrapper.application; includeInIndex = 0; path = JenkinsPra.app; sourceTree = BUILT_PRODUCTS_DIR; };
		1415532E1F02837D003866B9 /* AppDelegate.swift */ = {isa = PBXFileReference; lastKnownFileType = sourcecode.swift; path = AppDelegate.swift; sourceTree = "<group>"; };
		141553301F02837D003866B9 /* ViewController.swift */ = {isa = PBXFileReference; lastKnownFileType = sourcecode.swift; path = ViewController.swift; sourceTree = "<group>"; };
		141553331F02837D003866B9 /* Base */ = {isa = PBXFileReference; lastKnownFileType = file.storyboard; name = Base; path = Base.lproj/Main.storyboard; sourceTree = "<group>"; };
		141553351F02837D003866B9 /* Assets.xcassets */ = {isa = PBXFileReference; lastKnownFileType = folder.assetcatalog; path = Assets.xcassets; sourceTree = "<group>"; };
		141553381F02837D003866B9 /* Base */ = {isa = PBXFileReference; lastKnownFileType = file.storyboard; name = Base; path = Base.lproj/LaunchScreen.storyboard; sourceTree = "<group>"; };
		1415533A1F02837D003866B9 /* Info.plist */ = {isa = PBXFileReference; lastKnownFileType = text.plist.xml; path = Info.plist; sourceTree = "<group>"; };
		1415533F1F02837D003866B9 /* JenkinsPraTests.xctest */ = {isa = PBXFileReference; explicitFileType = wrapper.cfbundle; includeInIndex = 0; path = JenkinsPraTests.xctest; sourceTree = BUILT_PRODUCTS_DIR; };
		141553431F02837D003866B9 /* JenkinsPraTests.swift */ = {isa = PBXFileReference; lastKnownFileType = sourcecode.swift; path = JenkinsPraTests.swift; sourceTree = "<group>"; };
		141553451F02837D003866B9 /* Info.plist */ = {isa = PBXFileReference; lastKnownFileType = text.plist.xml; path = Info.plist; sourceTree = "<group>"; };
		1415534A1F02837D003866B9 /* JenkinsPraUITests.xctest */ = {isa = PBXFileReference; explicitFileType = wrapper.cfbundle; includeInIndex = 0; path = JenkinsPraUITests.xctest; sourceTree = BUILT_PRODUCTS_DIR; };
		1415534E1F02837D003866B9 /* JenkinsPraUITests.swift */ = {isa = PBXFileReference; lastKnownFileType = sourcecode.swift; path = JenkinsPraUITests.swift; sourceTree = "<group>"; };
		141553501F02837D003866B9 /* Info.plist */ = {isa = PBXFileReference; lastKnownFileType = text.plist.xml; path = Info.plist; sourceTree = "<group>"; };
/* End PBXFileReference section */

/* Begin PBXFrameworksBuildPhase section */
		141553281F02837D003866B9 /* Frameworks */ = {
			isa = PBXFrameworksBuildPhase;
			buildActionMask = 2147483647;
			files = (
			);
			runOnlyForDeploymentPostprocessing = 0;
		};
		1415533C1F02837D003866B9 /* Frameworks */ = {
			isa = PBXFrameworksBuildPhase;
			buildActionMask = 2147483647;
			files = (
			);
			runOnlyForDeploymentPostprocessing = 0;
		};
		141553471F02837D003866B9 /* Frameworks */ = {
			isa = PBXFrameworksBuildPhase;
			buildActionMask = 2147483647;
			files = (
			);
			runOnlyForDeploymentPostprocessing = 0;
		};
/* End PBXFrameworksBuildPhase section */

/* Begin PBXGroup section */
		141553221F02837D003866B9 = {
			isa = PBXGroup;
			children = (
				1415532D1F02837D003866B9 /* JenkinsPra */,
				141553421F02837D003866B9 /* JenkinsPraTests */,
				1415534D1F02837D003866B9 /* JenkinsPraUITests */,
				1415532C1F02837D003866B9 /* Products */,
			);
			sourceTree = "<group>";
		};
		1415532C1F02837D003866B9 /* Products */ = {
			isa = PBXGroup;
			children = (
				1415532B1F02837D003866B9 /* JenkinsPra.app */,
				1415533F1F02837D003866B9 /* JenkinsPraTests.xctest */,
				1415534A1F02837D003866B9 /* JenkinsPraUITests.xctest */,
			);
			name = Products;
			sourceTree = "<group>";
		};
		1415532D1F02837D003866B9 /* JenkinsPra */ = {
			isa = PBXGroup;
			children = (
				1415532E1F02837D003866B9 /* AppDelegate.swift */,
				141553301F02837D003866B9 /* ViewController.swift */,
				141553321F02837D003866B9 /* Main.storyboard */,
				141553351F02837D003866B9 /* Assets.xcassets */,
				141553371F02837D003866B9 /* LaunchScreen.storyboard */,
				1415533A1F02837D003866B9 /* Info.plist */,
			);
			path = JenkinsPra;
			sourceTree = "<group>";
		};
		141553421F02837D003866B9 /* JenkinsPraTests */ = {
			isa = PBXGroup;
			children = (
				141553431F02837D003866B9 /* JenkinsPraTests.swift */,
				141553451F02837D003866B9 /* Info.plist */,
			);
			path = JenkinsPraTests;
			sourceTree = "<group>";
		};
		1415534D1F02837D003866B9 /* JenkinsPraUITests */ = {
			isa = PBXGroup;
			children = (
				1415534E1F02837D003866B9 /* JenkinsPraUITests.swift */,
				141553501F02837D003866B9 /* Info.plist */,
			);
			path = JenkinsPraUITests;
			sourceTree = "<group>";
		};
/* End PBXGroup section */

/* Begin PBXNativeTarget section */
		1415532A1F02837D003866B9 /* JenkinsPra */ = {
			isa = PBXNativeTarget;
			buildConfigurationList = 141553531F02837D003866B9 /* Build configuration list for PBXNativeTarget "JenkinsPra" */;
			buildPhases = (
				141553271F02837D003866B9 /* Sources */,
				141553281F02837D003866B9 /* Frameworks */,
				141553291F02837D003866B9 /* Resources */,
			);
			buildRules = (
			);
			dependencies = (
			);
			name = JenkinsPra;
			productName = JenkinsPra;
			productReference = 1415532B1F02837D003866B9 /* JenkinsPra.app */;
			productType = "com.apple.product-type.application";
		};
		1415533E1F02837D003866B9 /* JenkinsPraTests */ = {
			isa = PBXNativeTarget;
			buildConfigurationList = 141553561F02837D003866B9 /* Build configuration list for PBXNativeTarget "JenkinsPraTests" */;
			buildPhases = (
				1415533B1F02837D003866B9 /* Sources */,
				1415533C1F02837D003866B9 /* Frameworks */,
				1415533D1F02837D003866B9 /* Resources */,
			);
			buildRules = (
			);
			dependencies = (
				141553411F02837D003866B9 /* PBXTargetDependency */,
			);
			name = JenkinsPraTests;
			productName = JenkinsPraTests;
			productReference = 1415533F1F02837D003866B9 /* JenkinsPraTests.xctest */;
			productType = "com.apple.product-type.bundle.unit-test";
		};
		141553491F02837D003866B9 /* JenkinsPraUITests */ = {
			isa = PBXNativeTarget;
			buildConfigurationList = 141553591F02837D003866B9 /* Build configuration list for PBXNativeTarget "JenkinsPraUITests" */;
			buildPhases = (
				141553461F02837D003866B9 /* Sources */,
				141553471F02837D003866B9 /* Frameworks */,
				141553481F02837D003866B9 /* Resources */,
			);
			buildRules = (
			);
			dependencies = (
				1415534C1F02837D003866B9 /* PBXTargetDependency */,
			);
			name = JenkinsPraUITests;
			productName = JenkinsPraUITests;
			productReference = 1415534A1F02837D003866B9 /* JenkinsPraUITests.xctest */;
			productType = "com.apple.product-type.bundle.ui-testing";
		};
/* End PBXNativeTarget section */

/* Begin PBXProject section */
		141553231F02837D003866B9 /* Project object */ = {
			isa = PBXProject;
			attributes = {
				LastSwiftUpdateCheck = 0830;
				LastUpgradeCheck = 0830;
				ORGANIZATIONNAME = LingZT;
				TargetAttributes = {
					1415532A1F02837D003866B9 = {
						CreatedOnToolsVersion = 8.3.3;
						DevelopmentTeam = TM264FVPQ8;
						ProvisioningStyle = Automatic;
					};
					1415533E1F02837D003866B9 = {
						CreatedOnToolsVersion = 8.3.3;
						DevelopmentTeam = TM264FVPQ8;
						ProvisioningStyle = Automatic;
						TestTargetID = 1415532A1F02837D003866B9;
					};
					141553491F02837D003866B9 = {
						CreatedOnToolsVersion = 8.3.3;
						DevelopmentTeam = TM264FVPQ8;
						ProvisioningStyle = Automatic;
						TestTargetID = 1415532A1F02837D003866B9;
					};
				};
			};
			buildConfigurationList = 141553261F02837D003866B9 /* Build configuration list for PBXProject "JenkinsPra" */;
			compatibilityVersion = "Xcode 3.2";
			developmentRegion = English;
			hasScannedForEncodings = 0;
			knownRegions = (
				en,
				Base,
			);
			mainGroup = 141553221F02837D003866B9;
			productRefGroup = 1415532C1F02837D003866B9 /* Products */;
			projectDirPath = "";
			projectRoot = "";
			targets = (
				1415532A1F02837D003866B9 /* JenkinsPra */,
				1415533E1F02837D003866B9 /* JenkinsPraTests */,
				141553491F02837D003866B9 /* JenkinsPraUITests */,
			);
		};
/* End PBXProject section */

/* Begin PBXResourcesBuildPhase section */
		141553291F02837D003866B9 /* Resources */ = {
			isa = PBXResourcesBuildPhase;
			buildActionMask = 2147483647;
			files = (
				141553391F02837D003866B9 /* LaunchScreen.storyboard in Resources */,
				141553361F02837D003866B9 /* Assets.xcassets in Resources */,
				141553341F02837D003866B9 /* Main.storyboard in Resources */,
			);
			runOnlyForDeploymentPostprocessing = 0;
		};
		1415533D1F02837D003866B9 /* Resources */ = {
			isa = PBXResourcesBuildPhase;
			buildActionMask = 2147483647;
			files = (
			);
			runOnlyForDeploymentPostprocessing = 0;
		};
		141553481F02837D003866B9 /* Resources */ = {
			isa = PBXResourcesBuildPhase;
			buildActionMask = 2147483647;
			files = (
			);
			runOnlyForDeploymentPostprocessing = 0;
		};
/* End PBXResourcesBuildPhase section */

/* Begin PBXSourcesBuildPhase section */
		141553271F02837D003866B9 /* Sources */ = {
			isa = PBXSourcesBuildPhase;
			buildActionMask = 2147483647;
			files = (
				141553311F02837D003866B9 /* ViewController.swift in Sources */,
				1415532F1F02837D003866B9 /* AppDelegate.swift in Sources */,
			);
			runOnlyForDeploymentPostprocessing = 0;
		};
		1415533B1F02837D003866B9 /* Sources */ = {
			isa = PBXSourcesBuildPhase;
			buildActionMask = 2147483647;
			files = (
				141553441F02837D003866B9 /* JenkinsPraTests.swift in Sources */,
			);
			runOnlyForDeploymentPostprocessing = 0;
		};
		141553461F02837D003866B9 /* Sources */ = {
			isa = PBXSourcesBuildPhase;
			buildActionMask = 2147483647;
			files = (
				1415534F1F02837D003866B9 /* JenkinsPraUITests.swift in Sources */,
			);
			runOnlyForDeploymentPostprocessing = 0;
		};
/* End PBXSourcesBuildPhase section */

/* Begin PBXTargetDependency section */
		141553411F02837D003866B9 /* PBXTargetDependency */ = {
			isa = PBXTargetDependency;
			target = 1415532A1F02837D003866B9 /* JenkinsPra */;
			targetProxy = 141553401F02837D003866B9 /* PBXContainerItemProxy */;
		};
		1415534C1F02837D003866B9 /* PBXTargetDependency */ = {
			isa = PBXTargetDependency;
			target = 1415532A1F02837D003866B9 /* JenkinsPra */;
			targetProxy = 1415534B1F02837D003866B9 /* PBXContainerItemProxy */;
		};
/* End PBXTargetDependency section */

/* Begin PBXVariantGroup section */
		141553321F02837D003866B9 /* Main.storyboard */ = {
			isa = PBXVariantGroup;
			children = (
				141553331F02837D003866B9 /* Base */,
			);
			name = Main.storyboard;
			sourceTree = "<group>";
		};
		141553371F02837D003866B9 /* LaunchScreen.storyboard */ = {
			isa = PBXVariantGroup;
			children = (
				141553381F02837D003866B9 /* Base */,
			);
			name = LaunchScreen.storyboard;
			sourceTree = "<group>";
		};
/* End PBXVariantGroup section */

/* Begin XCBuildConfiguration section */
		141553511F02837D003866B9 /* Debug */ = {
			isa = XCBuildConfiguration;
			buildSettings = {
				ALWAYS_SEARCH_USER_PATHS = NO;
				CLANG_ANALYZER_NONNULL = YES;
				CLANG_ANALYZER_NUMBER_OBJECT_CONVERSION = YES_AGGRESSIVE;
				CLANG_CXX_LANGUAGE_STANDARD = "gnu++0x";
				CLANG_CXX_LIBRARY = "libc++";
				CLANG_ENABLE_MODULES = YES;
				CLANG_ENABLE_OBJC_ARC = YES;
				CLANG_WARN_BOOL_CONVERSION = YES;
				CLANG_WARN_CONSTANT_CONVERSION = YES;
				CLANG_WARN_DIRECT_OBJC_ISA_USAGE = YES_ERROR;
				CLANG_WARN_DOCUMENTATION_COMMENTS = YES;
				CLANG_WARN_EMPTY_BODY = YES;
				CLANG_WARN_ENUM_CONVERSION = YES;
				CLANG_WARN_INFINITE_RECURSION = YES;
				CLANG_WARN_INT_CONVERSION = YES;
				CLANG_WARN_OBJC_ROOT_CLASS = YES_ERROR;
				CLANG_WARN_SUSPICIOUS_MOVE = YES;
				CLANG_WARN_UNREACHABLE_CODE = YES;
				CLANG_WARN__DUPLICATE_METHOD_MATCH = YES;
				"CODE_SIGN_IDENTITY[sdk=iphoneos*]" = "iPhone Developer";
				COPY_PHASE_STRIP = NO;
				DEBUG_INFORMATION_FORMAT = dwarf;
				ENABLE_STRICT_OBJC_MSGSEND = YES;
				ENABLE_TESTABILITY = YES;
				GCC_C_LANGUAGE_STANDARD = gnu99;
				GCC_DYNAMIC_NO_PIC = NO;
				GCC_NO_COMMON_BLOCKS = YES;
				GCC_OPTIMIZATION_LEVEL = 0;
				GCC_PREPROCESSOR_DEFINITIONS = (
					"DEBUG=1",
					"$(inherited)",
				);
				GCC_WARN_64_TO_32_BIT_CONVERSION = YES;
				GCC_WARN_ABOUT_RETURN_TYPE = YES_ERROR;
				GCC_WARN_UNDECLARED_SELECTOR = YES;
				GCC_WARN_UNINITIALIZED_AUTOS = YES_AGGRESSIVE;
				GCC_WARN_UNUSED_FUNCTION = YES;
				GCC_WARN_UNUSED_VARIABLE = YES;
				IPHONEOS_DEPLOYMENT_TARGET = 10.3;
				MTL_ENABLE_DEBUG_INFO = YES;
				ONLY_ACTIVE_ARCH = YES;
				SDKROOT = iphoneos;
				SWIFT_ACTIVE_COMPILATION_CONDITIONS = DEBUG;
				SWIFT_OPTIMIZATION_LEVEL = "-Onone";
			};
			name = Debug;
		};
		141553521F02837D003866B9 /* Release */ = {
			isa = XCBuildConfiguration;
			buildSettings = {
				ALWAYS_SEARCH_USER_PATHS = NO;
				CLANG_ANALYZER_NONNULL = YES;
				CLANG_ANALYZER_NUMBER_OBJECT_CONVERSION = YES_AGGRESSIVE;
				CLANG_CXX_LANGUAGE_STANDARD = "gnu++0x";
				CLANG_CXX_LIBRARY = "libc++";
				CLANG_ENABLE_MODULES = YES;
				CLANG_ENABLE_OBJC_ARC = YES;
				CLANG_WARN_BOOL_CONVERSION = YES;
				CLANG_WARN_CONSTANT_CONVERSION = YES;
				CLANG_WARN_DIRECT_OBJC_ISA_USAGE = YES_ERROR;
				CLANG_WARN_DOCUMENTATION_COMMENTS = YES;
				CLANG_WARN_EMPTY_BODY = YES;
				CLANG_WARN_ENUM_CONVERSION = YES;
				CLANG_WARN_INFINITE_RECURSION = YES;
				CLANG_WARN_INT_CONVERSION = YES;
				CLANG_WARN_OBJC_ROOT_CLASS = YES_ERROR;
				CLANG_WARN_SUSPICIOUS_MOVE = YES;
				CLANG_WARN_UNREACHABLE_CODE = YES;
				CLANG_WARN__DUPLICATE_METHOD_MATCH = YES;
				"CODE_SIGN_IDENTITY[sdk=iphoneos*]" = "iPhone Developer";
				COPY_PHASE_STRIP = NO;
				DEBUG_INFORMATION_FORMAT = "dwarf-with-dsym";
				ENABLE_NS_ASSERTIONS = NO;
				ENABLE_STRICT_OBJC_MSGSEND = YES;
				GCC_C_LANGUAGE_STANDARD = gnu99;
				GCC_NO_COMMON_BLOCKS = YES;
				GCC_WARN_64_TO_32_BIT_CONVERSION = YES;
				GCC_WARN_ABOUT_RETURN_TYPE = YES_ERROR;
				GCC_WARN_UNDECLARED_SELECTOR = YES;
				GCC_WARN_UNINITIALIZED_AUTOS = YES_AGGRESSIVE;
				GCC_WARN_UNUSED_FUNCTION = YES;
				GCC_WARN_UNUSED_VARIABLE = YES;
				IPHONEOS_DEPLOYMENT_TARGET = 10.3;
				MTL_ENABLE_DEBUG_INFO = NO;
				SDKROOT = iphoneos;
				SWIFT_OPTIMIZATION_LEVEL = "-Owholemodule";
				VALIDATE_PRODUCT = YES;
			};
			name = Release;
		};
		141553541F02837D003866B9 /* Debug */ = {
			isa = XCBuildConfiguration;
			buildSettings = {
				ASSETCATALOG_COMPILER_APPICON_NAME = AppIcon;
				DEVELOPMENT_TEAM = TM264FVPQ8;
				INFOPLIST_FILE = JenkinsPra/Info.plist;
				LD_RUNPATH_SEARCH_PATHS = "$(inherited) @executable_path/Frameworks";
				PRODUCT_BUNDLE_IDENTIFIER = come.LingZT.JenkinsPra;
				PRODUCT_NAME = "$(TARGET_NAME)";
				SWIFT_VERSION = 3.0;
			};
			name = Debug;
		};
		141553551F02837D003866B9 /* Release */ = {
			isa = XCBuildConfiguration;
			buildSettings = {
				ASSETCATALOG_COMPILER_APPICON_NAME = AppIcon;
				DEVELOPMENT_TEAM = TM264FVPQ8;
				INFOPLIST_FILE = JenkinsPra/Info.plist;
				LD_RUNPATH_SEARCH_PATHS = "$(inherited) @executable_path/Frameworks";
				PRODUCT_BUNDLE_IDENTIFIER = come.LingZT.JenkinsPra;
				PRODUCT_NAME = "$(TARGET_NAME)";
				SWIFT_VERSION = 3.0;
			};
			name = Release;
		};
		141553571F02837D003866B9 /* Debug */ = {
			isa = XCBuildConfiguration;
			buildSettings = {
				ALWAYS_EMBED_SWIFT_STANDARD_LIBRARIES = YES;
				BUNDLE_LOADER = "$(TEST_HOST)";
				DEVELOPMENT_TEAM = TM264FVPQ8;
				INFOPLIST_FILE = JenkinsPraTests/Info.plist;
				LD_RUNPATH_SEARCH_PATHS = "$(inherited) @executable_path/Frameworks @loader_path/Frameworks";
				PRODUCT_BUNDLE_IDENTIFIER = come.LingZT.JenkinsPraTests;
				PRODUCT_NAME = "$(TARGET_NAME)";
				SWIFT_VERSION = 3.0;
				TEST_HOST = "$(BUILT_PRODUCTS_DIR)/JenkinsPra.app/JenkinsPra";
			};
			name = Debug;
		};
		141553581F02837D003866B9 /* Release */ = {
			isa = XCBuildConfiguration;
			buildSettings = {
				ALWAYS_EMBED_SWIFT_STANDARD_LIBRARIES = YES;
				BUNDLE_LOADER = "$(TEST_HOST)";
				DEVELOPMENT_TEAM = TM264FVPQ8;
				INFOPLIST_FILE = JenkinsPraTests/Info.plist;
				LD_RUNPATH_SEARCH_PATHS = "$(inherited) @executable_path/Frameworks @loader_path/Frameworks";
				PRODUCT_BUNDLE_IDENTIFIER = come.LingZT.JenkinsPraTests;
				PRODUCT_NAME = "$(TARGET_NAME)";
				SWIFT_VERSION = 3.0;
				TEST_HOST = "$(BUILT_PRODUCTS_DIR)/JenkinsPra.app/JenkinsPra";
			};
			name = Release;
		};
		1415535A1F02837D003866B9 /* Debug */ = {
			isa = XCBuildConfiguration;
			buildSettings = {
				ALWAYS_EMBED_SWIFT_STANDARD_LIBRARIES = YES;
				DEVELOPMENT_TEAM = TM264FVPQ8;
				INFOPLIST_FILE = JenkinsPraUITests/Info.plist;
				LD_RUNPATH_SEARCH_PATHS = "$(inherited) @executable_path/Frameworks @loader_path/Frameworks";
				PRODUCT_BUNDLE_IDENTIFIER = come.LingZT.JenkinsPraUITests;
				PRODUCT_NAME = "$(TARGET_NAME)";
				SWIFT_VERSION = 3.0;
				TEST_TARGET_NAME = JenkinsPra;
			};
			name = Debug;
		};
		1415535B1F02837D003866B9 /* Release */ = {
			isa = XCBuildConfiguration;
			buildSettings = {
				ALWAYS_EMBED_SWIFT_STANDARD_LIBRARIES = YES;
				DEVELOPMENT_TEAM = TM264FVPQ8;
				INFOPLIST_FILE = JenkinsPraUITests/Info.plist;
				LD_RUNPATH_SEARCH_PATHS = "$(inherited) @executable_path/Frameworks @loader_path/Frameworks";
				PRODUCT_BUNDLE_IDENTIFIER = come.LingZT.JenkinsPraUITests;
				PRODUCT_NAME = "$(TARGET_NAME)";
				SWIFT_VERSION = 3.0;
				TEST_TARGET_NAME = JenkinsPra;
			};
			name = Release;
		};
/* End XCBuildConfiguration section */

/* Begin XCConfigurationList section */
		141553261F02837D003866B9 /* Build configuration list for PBXProject "JenkinsPra" */ = {
			isa = XCConfigurationList;
			buildConfigurations = (
				141553511F02837D003866B9 /* Debug */,
				141553521F02837D003866B9 /* Release */,
			);
			defaultConfigurationIsVisible = 0;
			defaultConfigurationName = Release;
		};
		141553531F02837D003866B9 /* Build configuration list for PBXNativeTarget "JenkinsPra" */ = {
			isa = XCConfigurationList;
			buildConfigurations = (
				141553541F02837D003866B9 /* Debug */,
				141553551F02837D003866B9 /* Release */,
			);
			defaultConfigurationIsVisible = 0;
		};
		141553561F02837D003866B9 /* Build configuration list for PBXNativeTarget "JenkinsPraTests" */ = {
			isa = XCConfigurationList;
			buildConfigurations = (
				141553571F02837D003866B9 /* Debug */,
				141553581F02837D003866B9 /* Release */,
			);
			defaultConfigurationIsVisible = 0;
		};
		141553591F02837D003866B9 /* Build configuration list for PBXNativeTarget "JenkinsPraUITests" */ = {
			isa = XCConfigurationList;
			buildConfigurations = (
				1415535A1F02837D003866B9 /* Debug */,
				1415535B1F02837D003866B9 /* Release */,
			);
			defaultConfigurationIsVisible = 0;
		};
/* End XCConfigurationList section */
	};
	rootObject = 141553231F02837D003866B9 /* Project object */;
}
